
Microsoft Visual Studio Solution File, Format Version 12.00
# Visual Studio Version 16
VisualStudioVersion = 16.0.32106.194
MinimumVisualStudioVersion = 10.0.40219.1
Project("{FAE04EC0-301F-11D3-BF4B-00C04F79EFBC}") = "onlinshop", "onlinshop\onlinshop.csproj", "{AFB5F2F2-F40B-4D88-AB98-7E587B979A8B}"
EndProject
Global
	GlobalSection(SolutionConfigurationPlatforms) = preSolution
		Debug|Any CPU = Debug|Any CPU
		Release|Any CPU = Release|Any CPU
	EndGlobalSection
	GlobalSection(ProjectConfigurationPlatforms) = postSolution
		{AFB5F2F2-F40B-4D88-AB98-7E587B979A8B}.Debug|Any CPU.ActiveCfg = Debug|Any CPU
		{AFB5F2F2-F40B-4D88-AB98-7E587B979A8B}.Debug|Any CPU.Build.0 = Debug|Any CPU
		{AFB5F2F2-F40B-4D88-AB98-7E587B979A8B}.Release|Any CPU.ActiveCfg = Release|Any CPU
		{AFB5F2F2-F40B-4D88-AB98-7E587B979A8B}.Release|Any CPU.Build.0 = Release|Any CPU
	EndGlobalSection
	GlobalSection(SolutionProperties) = preSolution
		HideSolutionNode = FALSE
	EndGlobalSection
	GlobalSection(ExtensibilityGlobals) = postSolution
		SolutionGuid = {1ADC6B2A-8EFE-4906-9301-45F5C3D2095E}
	EndGlobalSection
EndGlobal
